// !$*UTF8*$!
{
	archiveVersion = 1;
	classes = {
	};
	objectVersion = 46;
	objects = {

/* Begin PBXBuildFile section */
		1707DC071F71AD04002CECD8 /* AppDelegate.swift in Sources */ = {isa = PBXBuildFile; fileRef = 1707DC061F71AD04002CECD8 /* AppDelegate.swift */; };
		1707DC091F71AD04002CECD8 /* ViewController.swift in Sources */ = {isa = PBXBuildFile; fileRef = 1707DC081F71AD04002CECD8 /* ViewController.swift */; };
		1707DC0C1F71AD04002CECD8 /* Main.storyboard in Resources */ = {isa = PBXBuildFile; fileRef = 1707DC0A1F71AD04002CECD8 /* Main.storyboard */; };
		1707DC0E1F71AD04002CECD8 /* Assets.xcassets in Resources */ = {isa = PBXBuildFile; fileRef = 1707DC0D1F71AD04002CECD8 /* Assets.xcassets */; };
		1707DC111F71AD04002CECD8 /* LaunchScreen.storyboard in Resources */ = {isa = PBXBuildFile; fileRef = 1707DC0F1F71AD04002CECD8 /* LaunchScreen.storyboard */; };
/* End PBXBuildFile section */

/* Begin PBXFileReference section */
		1707DC031F71AD04002CECD8 /* USD-SoftwareEngineering.app */ = {isa = PBXFileReference; explicitFileType = wrapper.application; includeInIndex = 0; path = "USD-SoftwareEngineering.app"; sourceTree = BUILT_PRODUCTS_DIR; };
		1707DC061F71AD04002CECD8 /* AppDelegate.swift */ = {isa = PBXFileReference; lastKnownFileType = sourcecode.swift; path = AppDelegate.swift; sourceTree = "<group>"; };
		1707DC081F71AD04002CECD8 /* ViewController.swift */ = {isa = PBXFileReference; lastKnownFileType = sourcecode.swift; path = ViewController.swift; sourceTree = "<group>"; };
		1707DC0B1F71AD04002CECD8 /* Base */ = {isa = PBXFileReference; lastKnownFileType = file.storyboard; name = Base; path = Base.lproj/Main.storyboard; sourceTree = "<group>"; };
		1707DC0D1F71AD04002CECD8 /* Assets.xcassets */ = {isa = PBXFileReference; lastKnownFileType = folder.assetcatalog; path = Assets.xcassets; sourceTree = "<group>"; };
		1707DC101F71AD04002CECD8 /* Base */ = {isa = PBXFileReference; lastKnownFileType = file.storyboard; name = Base; path = Base.lproj/LaunchScreen.storyboard; sourceTree = "<group>"; };
		1707DC121F71AD04002CECD8 /* Info.plist */ = {isa = PBXFileReference; lastKnownFileType = text.plist.xml; path = Info.plist; sourceTree = "<group>"; };
/* End PBXFileReference section */

/* Begin PBXFrameworksBuildPhase section */
		1707DC001F71AD04002CECD8 /* Frameworks */ = {
			isa = PBXFrameworksBuildPhase;
			buildActionMask = 2147483647;
			files = (
			);
			runOnlyForDeploymentPostprocessing = 0;
		};
/* End PBXFrameworksBuildPhase section */

/* Begin PBXGroup section */
		1707DBFA1F71AD04002CECD8 = {
			isa = PBXGroup;
			children = (
				1707DC051F71AD04002CECD8 /* USD-SoftwareEngineering */,
				1707DC041F71AD04002CECD8 /* Products */,
			);
			sourceTree = "<group>";
		};
		1707DC041F71AD04002CECD8 /* Products */ = {
			isa = PBXGroup;
			children = (
				1707DC031F71AD04002CECD8 /* USD-SoftwareEngineering.app */,
			);
			name = Products;
			sourceTree = "<group>";
		};
		1707DC051F71AD04002CECD8 /* USD-SoftwareEngineering */ = {
			isa = PBXGroup;
			children = (
				1707DC061F71AD04002CECD8 /* AppDelegate.swift */,
				1707DC081F71AD04002CECD8 /* ViewController.swift */,
				1707DC0A1F71AD04002CECD8 /* Main.storyboard */,
				1707DC0D1F71AD04002CECD8 /* Assets.xcassets */,
				1707DC0F1F71AD04002CECD8 /* LaunchScreen.storyboard */,
				1707DC121F71AD04002CECD8 /* Info.plist */,
			);
			path = "USD-SoftwareEngineering";
			sourceTree = "<group>";
		};
/* End PBXGroup section */

/* Begin PBXNativeTarget section */
		1707DC021F71AD04002CECD8 /* USD-SoftwareEngineering */ = {
			isa = PBXNativeTarget;
			buildConfigurationList = 1707DC151F71AD04002CECD8 /* Build configuration list for PBXNativeTarget "USD-SoftwareEngineering" */;
			buildPhases = (
				1707DBFF1F71AD04002CECD8 /* Sources */,
				1707DC001F71AD04002CECD8 /* Frameworks */,
				1707DC011F71AD04002CECD8 /* Resources */,
			);
			buildRules = (
			);
			dependencies = (
			);
			name = "USD-SoftwareEngineering";
			productName = "USD-SoftwareEngineering";
			productReference = 1707DC031F71AD04002CECD8 /* USD-SoftwareEngineering.app */;
			productType = "com.apple.product-type.application";
		};
/* End PBXNativeTarget section */

/* Begin PBXProject section */
		1707DBFB1F71AD04002CECD8 /* Project object */ = {
			isa = PBXProject;
			attributes = {
				LastSwiftUpdateCheck = 0830;
				LastUpgradeCheck = 0830;
				ORGANIZATIONNAME = "Lily Hoffman";
				TargetAttributes = {
					1707DC021F71AD04002CECD8 = {
						CreatedOnToolsVersion = 8.3.3;
						DevelopmentTeam = HHS6XK7XH5;
						ProvisioningStyle = Automatic;
					};
				};
			};
			buildConfigurationList = 1707DBFE1F71AD04002CECD8 /* Build configuration list for PBXProject "USD-SoftwareEngineering" */;
			compatibilityVersion = "Xcode 3.2";
			developmentRegion = English;
			hasScannedForEncodings = 0;
			knownRegions = (
				en,
				Base,
			);
			mainGroup = 1707DBFA1F71AD04002CECD8;
			productRefGroup = 1707DC041F71AD04002CECD8 /* Products */;
			projectDirPath = "";
			projectRoot = "";
			targets = (
				1707DC021F71AD04002CECD8 /* USD-SoftwareEngineering */,
			);
		};
/* End PBXProject section */

/* Begin PBXResourcesBuildPhase section */
		1707DC011F71AD04002CECD8 /* Resources */ = {
			isa = PBXResourcesBuildPhase;
			buildActionMask = 2147483647;
			files = (
				1707DC111F71AD04002CECD8 /* LaunchScreen.storyboard in Resources */,
				1707DC0E1F71AD04002CECD8 /* Assets.xcassets in Resources */,
				1707DC0C1F71AD04002CECD8 /* Main.storyboard in Resources */,
			);
			runOnlyForDeploymentPostprocessing = 0;
		};
/* End PBXResourcesBuildPhase section */

/* Begin PBXSourcesBuildPhase section */
		1707DBFF1F71AD04002CECD8 /* Sources */ = {
			isa = PBXSourcesBuildPhase;
			buildActionMask = 2147483647;
			files = (
				1707DC091F71AD04002CECD8 /* ViewController.swift in Sources */,
				1707DC071F71AD04002CECD8 /* AppDelegate.swift in Sources */,
			);
			runOnlyForDeploymentPostprocessing = 0;
		};
/* End PBXSourcesBuildPhase section */

/* Begin PBXVariantGroup section */
		1707DC0A1F71AD04002CECD8 /* Main.storyboard */ = {
			isa = PBXVariantGroup;
			children = (
				1707DC0B1F71AD04002CECD8 /* Base */,
			);
			name = Main.storyboard;
			sourceTree = "<group>";
		};
		1707DC0F1F71AD04002CECD8 /* LaunchScreen.storyboard */ = {
			isa = PBXVariantGroup;
			children = (
				1707DC101F71AD04002CECD8 /* Base */,
			);
			name = LaunchScreen.storyboard;
			sourceTree = "<group>";
		};
/* End PBXVariantGroup section */

/* Begin XCBuildConfiguration section */
		1707DC131F71AD04002CECD8 /* Debug */ = {
			isa = XCBuildConfiguration;
			buildSettings = {
				ALWAYS_SEARCH_USER_PATHS = NO;
				CLANG_ANALYZER_NONNULL = YES;
				CLANG_ANALYZER_NUMBER_OBJECT_CONVERSION = YES_AGGRESSIVE;
				CLANG_CXX_LANGUAGE_STANDARD = "gnu++0x";
				CLANG_CXX_LIBRARY = "libc++";
				CLANG_ENABLE_MODULES = YES;
				CLANG_ENABLE_OBJC_ARC = YES;
				CLANG_WARN_BOOL_CONVERSION = YES;
				CLANG_WARN_CONSTANT_CONVERSION = YES;
				CLANG_WARN_DIRECT_OBJC_ISA_USAGE = YES_ERROR;
				CLANG_WARN_DOCUMENTATION_COMMENTS = YES;
				CLANG_WARN_EMPTY_BODY = YES;
				CLANG_WARN_ENUM_CONVERSION = YES;
				CLANG_WARN_INFINITE_RECURSION = YES;
				CLANG_WARN_INT_CONVERSION = YES;
				CLANG_WARN_OBJC_ROOT_CLASS = YES_ERROR;
				CLANG_WARN_SUSPICIOUS_MOVE = YES;
				CLANG_WARN_UNREACHABLE_CODE = YES;
				CLANG_WARN__DUPLICATE_METHOD_MATCH = YES;
				"CODE_SIGN_IDENTITY[sdk=iphoneos*]" = "iPhone Developer";
				COPY_PHASE_STRIP = NO;
				DEBUG_INFORMATION_FORMAT = dwarf;
				ENABLE_STRICT_OBJC_MSGSEND = YES;
				ENABLE_TESTABILITY = YES;
				GCC_C_LANGUAGE_STANDARD = gnu99;
				GCC_DYNAMIC_NO_PIC = NO;
				GCC_NO_COMMON_BLOCKS = YES;
				GCC_OPTIMIZATION_LEVEL = 0;
				GCC_PREPROCESSOR_DEFINITIONS = (
					"DEBUG=1",
					"$(inherited)",
				);
				GCC_WARN_64_TO_32_BIT_CONVERSION = YES;
				GCC_WARN_ABOUT_RETURN_TYPE = YES_ERROR;
				GCC_WARN_UNDECLARED_SELECTOR = YES;
				GCC_WARN_UNINITIALIZED_AUTOS = YES_AGGRESSIVE;
				GCC_WARN_UNUSED_FUNCTION = YES;
				GCC_WARN_UNUSED_VARIABLE = YES;
				IPHONEOS_DEPLOYMENT_TARGET = 10.3;
				MTL_ENABLE_DEBUG_INFO = YES;
				ONLY_ACTIVE_ARCH = YES;
				SDKROOT = iphoneos;
				SWIFT_ACTIVE_COMPILATION_CONDITIONS = DEBUG;
				SWIFT_OPTIMIZATION_LEVEL = "-Onone";
			};
			name = Debug;
		};
		1707DC141F71AD04002CECD8 /* Release */ = {
			isa = XCBuildConfiguration;
			buildSettings = {
				ALWAYS_SEARCH_USER_PATHS = NO;
				CLANG_ANALYZER_NONNULL = YES;
				CLANG_ANALYZER_NUMBER_OBJECT_CONVERSION = YES_AGGRESSIVE;
				CLANG_CXX_LANGUAGE_STANDARD = "gnu++0x";
				CLANG_CXX_LIBRARY = "libc++";
				CLANG_ENABLE_MODULES = YES;
				CLANG_ENABLE_OBJC_ARC = YES;
				CLANG_WARN_BOOL_CONVERSION = YES;
				CLANG_WARN_CONSTANT_CONVERSION = YES;
				CLANG_WARN_DIRECT_OBJC_ISA_USAGE = YES_ERROR;
				CLANG_WARN_DOCUMENTATION_COMMENTS = YES;
				CLANG_WARN_EMPTY_BODY = YES;
				CLANG_WARN_ENUM_CONVERSION = YES;
				CLANG_WARN_INFINITE_RECURSION = YES;
				CLANG_WARN_INT_CONVERSION = YES;
				CLANG_WARN_OBJC_ROOT_CLASS = YES_ERROR;
				CLANG_WARN_SUSPICIOUS_MOVE = YES;
				CLANG_WARN_UNREACHABLE_CODE = YES;
				CLANG_WARN__DUPLICATE_METHOD_MATCH = YES;
				"CODE_SIGN_IDENTITY[sdk=iphoneos*]" = "iPhone Developer";
				COPY_PHASE_STRIP = NO;
				DEBUG_INFORMATION_FORMAT = "dwarf-with-dsym";
				ENABLE_NS_ASSERTIONS = NO;
				ENABLE_STRICT_OBJC_MSGSEND = YES;
				GCC_C_LANGUAGE_STANDARD = gnu99;
				GCC_NO_COMMON_BLOCKS = YES;
				GCC_WARN_64_TO_32_BIT_CONVERSION = YES;
				GCC_WARN_ABOUT_RETURN_TYPE = YES_ERROR;
				GCC_WARN_UNDECLARED_SELECTOR = YES;
				GCC_WARN_UNINITIALIZED_AUTOS = YES_AGGRESSIVE;
				GCC_WARN_UNUSED_FUNCTION = YES;
				GCC_WARN_UNUSED_VARIABLE = YES;
				IPHONEOS_DEPLOYMENT_TARGET = 10.3;
				MTL_ENABLE_DEBUG_INFO = NO;
				SDKROOT = iphoneos;
				SWIFT_OPTIMIZATION_LEVEL = "-Owholemodule";
				VALIDATE_PRODUCT = YES;
			};
			name = Release;
		};
		1707DC161F71AD04002CECD8 /* Debug */ = {
			isa = XCBuildConfiguration;
			buildSettings = {
				ASSETCATALOG_COMPILER_APPICON_NAME = AppIcon;
				DEVELOPMENT_TEAM = HHS6XK7XH5;
				INFOPLIST_FILE = "USD-SoftwareEngineering/Info.plist";
				LD_RUNPATH_SEARCH_PATHS = "$(inherited) @executable_path/Frameworks";
				PRODUCT_BUNDLE_IDENTIFIER = "lilyhoffman.USD-SoftwareEngineering";
				PRODUCT_NAME = "$(TARGET_NAME)";
				SWIFT_VERSION = 3.0;
			};
			name = Debug;
		};
		1707DC171F71AD04002CECD8 /* Release */ = {
			isa = XCBuildConfiguration;
			buildSettings = {
				ASSETCATALOG_COMPILER_APPICON_NAME = AppIcon;
				DEVELOPMENT_TEAM = HHS6XK7XH5;
				INFOPLIST_FILE = "USD-SoftwareEngineering/Info.plist";
				LD_RUNPATH_SEARCH_PATHS = "$(inherited) @executable_path/Frameworks";
				PRODUCT_BUNDLE_IDENTIFIER = "lilyhoffman.USD-SoftwareEngineering";
				PRODUCT_NAME = "$(TARGET_NAME)";
				SWIFT_VERSION = 3.0;
			};
			name = Release;
		};
/* End XCBuildConfiguration section */

/* Begin XCConfigurationList section */
		1707DBFE1F71AD04002CECD8 /* Build configuration list for PBXProject "USD-SoftwareEngineering" */ = {
			isa = XCConfigurationList;
			buildConfigurations = (
				1707DC131F71AD04002CECD8 /* Debug */,
				1707DC141F71AD04002CECD8 /* Release */,
			);
			defaultConfigurationIsVisible = 0;
			defaultConfigurationName = Release;
		};
		1707DC151F71AD04002CECD8 /* Build configuration list for PBXNativeTarget "USD-SoftwareEngineering" */ = {
			isa = XCConfigurationList;
			buildConfigurations = (
				1707DC161F71AD04002CECD8 /* Debug */,
				1707DC171F71AD04002CECD8 /* Release */,
			);
			defaultConfigurationIsVisible = 0;
		};
/* End XCConfigurationList section */
	};
	rootObject = 1707DBFB1F71AD04002CECD8 /* Project object */;
}
